
Microsoft Visual Studio Solution File, Format Version 12.00
Project("{FAE04EC0-301F-11D3-BF4B-00C04F79EFBC}") = "DotnetEbpf.Core", "DotnetEbpf.Core\DotnetEbpf.Core.csproj", "{B666BD32-E8D4-4758-9FC8-4CF89ACBD18A}"
EndProject
Project("{FAE04EC0-301F-11D3-BF4B-00C04F79EFBC}") = "DotnetEbpf.Examples", "DotnetEbpf.Examples\DotnetEbpf.Examples.csproj", "{AD0CE8F0-983F-4890-BC60-0E0FA792BBAF}"
EndProject
Project("{2150E333-8FDC-42A3-9474-1A3956D46DE8}") = "Dntc", "Dntc", "{4CE12458-09BD-47E2-BF3A-5F453EC3899A}"
EndProject
Project("{FAE04EC0-301F-11D3-BF4B-00C04F79EFBC}") = "Dntc.Attributes", "..\..\dntc\Dntc.Attributes\Dntc.Attributes.csproj", "{6F0A2FFA-4F0E-4D5A-8EDF-51C297625331}"
EndProject
Project("{FAE04EC0-301F-11D3-BF4B-00C04F79EFBC}") = "DotnetEbpf.Core.TranspilerPlugin", "DotnetEbpf.Core.TranspilerPlugin\DotnetEbpf.Core.TranspilerPlugin.csproj", "{424601D9-A5EE-4695-98C2-5C462E24F163}"
EndProject
Project("{FAE04EC0-301F-11D3-BF4B-00C04F79EFBC}") = "Dntc.Common", "..\..\dntc\Dntc.Common\Dntc.Common.csproj", "{F52017BE-C392-4915-866B-C0045DD6DEC7}"
EndProject
Project("{FAE04EC0-301F-11D3-BF4B-00C04F79EFBC}") = "Dntc.Cli", "..\..\dntc\Dntc.Cli\Dntc.Cli.csproj", "{0215AB53-7C38-4064-8326-A1008630A36D}"
EndProject
Global
	GlobalSection(SolutionConfigurationPlatforms) = preSolution
		Debug|Any CPU = Debug|Any CPU
		Release|Any CPU = Release|Any CPU
	EndGlobalSection
	GlobalSection(ProjectConfigurationPlatforms) = postSolution
		{B666BD32-E8D4-4758-9FC8-4CF89ACBD18A}.Debug|Any CPU.ActiveCfg = Debug|Any CPU
		{B666BD32-E8D4-4758-9FC8-4CF89ACBD18A}.Debug|Any CPU.Build.0 = Debug|Any CPU
		{B666BD32-E8D4-4758-9FC8-4CF89ACBD18A}.Release|Any CPU.ActiveCfg = Release|Any CPU
		{B666BD32-E8D4-4758-9FC8-4CF89ACBD18A}.Release|Any CPU.Build.0 = Release|Any CPU
		{AD0CE8F0-983F-4890-BC60-0E0FA792BBAF}.Debug|Any CPU.ActiveCfg = Debug|Any CPU
		{AD0CE8F0-983F-4890-BC60-0E0FA792BBAF}.Debug|Any CPU.Build.0 = Debug|Any CPU
		{AD0CE8F0-983F-4890-BC60-0E0FA792BBAF}.Release|Any CPU.ActiveCfg = Release|Any CPU
		{AD0CE8F0-983F-4890-BC60-0E0FA792BBAF}.Release|Any CPU.Build.0 = Release|Any CPU
		{6F0A2FFA-4F0E-4D5A-8EDF-51C297625331}.Debug|Any CPU.ActiveCfg = Debug|Any CPU
		{6F0A2FFA-4F0E-4D5A-8EDF-51C297625331}.Debug|Any CPU.Build.0 = Debug|Any CPU
		{6F0A2FFA-4F0E-4D5A-8EDF-51C297625331}.Release|Any CPU.ActiveCfg = Release|Any CPU
		{6F0A2FFA-4F0E-4D5A-8EDF-51C297625331}.Release|Any CPU.Build.0 = Release|Any CPU
		{424601D9-A5EE-4695-98C2-5C462E24F163}.Debug|Any CPU.ActiveCfg = Debug|Any CPU
		{424601D9-A5EE-4695-98C2-5C462E24F163}.Debug|Any CPU.Build.0 = Debug|Any CPU
		{424601D9-A5EE-4695-98C2-5C462E24F163}.Release|Any CPU.ActiveCfg = Release|Any CPU
		{424601D9-A5EE-4695-98C2-5C462E24F163}.Release|Any CPU.Build.0 = Release|Any CPU
		{F52017BE-C392-4915-866B-C0045DD6DEC7}.Debug|Any CPU.ActiveCfg = Debug|Any CPU
		{F52017BE-C392-4915-866B-C0045DD6DEC7}.Debug|Any CPU.Build.0 = Debug|Any CPU
		{F52017BE-C392-4915-866B-C0045DD6DEC7}.Release|Any CPU.ActiveCfg = Release|Any CPU
		{F52017BE-C392-4915-866B-C0045DD6DEC7}.Release|Any CPU.Build.0 = Release|Any CPU
		{0215AB53-7C38-4064-8326-A1008630A36D}.Debug|Any CPU.ActiveCfg = Debug|Any CPU
		{0215AB53-7C38-4064-8326-A1008630A36D}.Debug|Any CPU.Build.0 = Debug|Any CPU
		{0215AB53-7C38-4064-8326-A1008630A36D}.Release|Any CPU.ActiveCfg = Release|Any CPU
		{0215AB53-7C38-4064-8326-A1008630A36D}.Release|Any CPU.Build.0 = Release|Any CPU
	EndGlobalSection
	GlobalSection(NestedProjects) = preSolution
		{6F0A2FFA-4F0E-4D5A-8EDF-51C297625331} = {4CE12458-09BD-47E2-BF3A-5F453EC3899A}
		{F52017BE-C392-4915-866B-C0045DD6DEC7} = {4CE12458-09BD-47E2-BF3A-5F453EC3899A}
		{0215AB53-7C38-4064-8326-A1008630A36D} = {4CE12458-09BD-47E2-BF3A-5F453EC3899A}
	EndGlobalSection
EndGlobal
